{
  "pins" : [
    {
      "identity" : "swiftybeaver",
      "kind" : "remoteSourceControl",
      "location" : "https://github.com/SwiftyBeaver/SwiftyBeaver.git",
      "state" : {
        "revision" : "1080914828ef1c9ca9cd2bad50667b3d847dabff",
        "version" : "2.0.0"
      }
    },
    {
      "identity" : "wireguard-apple",
      "kind" : "remoteSourceControl",
      "location" : "https://github.com/zooxop/wireguard-apple.git",
      "state" : {
        "branch" : "10.0.15-26",
        "revision" : "10da5cfdef362889b438cfbeff867a74e6d717fd"
      }
    }
  ],
  "version" : 2
}
