{
  "pins" : [
    {
      "identity" : "swiftybeaver",
      "kind" : "remoteSourceControl",
      "location" : "https://github.com/SwiftyBeaver/SwiftyBeaver.git",
      "state" : {
        "revision" : "12b5acf96d98f91d50de447369bd18df74600f1a",
        "version" : "1.9.6"
      }
    },
    {
      "identity" : "wireguard-apple",
      "kind" : "remoteSourceControl",
      "location" : "https://github.com/zooxop/wireguard-apple.git",
      "state" : {
        "revision" : "ff09b771c53c1e8951eaa954b58d8b7198f5b976",
        "version" : "1.0.18"
      }
    }
  ],
  "version" : 2
}
