// !$*UTF8*$!
{
	archiveVersion = 1;
	classes = {
	};
	objectVersion = 56;
	objects = {

/* Begin PBXBuildFile section */
		DB1554412A0B87B400BF561E /* WireGuardKit in Frameworks */ = {isa = PBXBuildFile; productRef = DB1554402A0B87B400BF561E /* WireGuardKit */; };
		DB1554432A0C630100BF561E /* String+.swift in Sources */ = {isa = PBXBuildFile; fileRef = DB1554422A0C630100BF561E /* String+.swift */; };
		DB1554472A0C633D00BF561E /* TunnelConfiguration.swift in Sources */ = {isa = PBXBuildFile; fileRef = DB1554462A0C633D00BF561E /* TunnelConfiguration.swift */; };
		DB1554492A0C635000BF561E /* WireGuardKit in Frameworks */ = {isa = PBXBuildFile; productRef = DB1554482A0C635000BF561E /* WireGuardKit */; };
		DB15547C2A0C978000BF561E /* Shared.swift in Sources */ = {isa = PBXBuildFile; fileRef = DB15547B2A0C978000BF561E /* Shared.swift */; };
		DB15547D2A0C978000BF561E /* Shared.swift in Sources */ = {isa = PBXBuildFile; fileRef = DB15547B2A0C978000BF561E /* Shared.swift */; };
		DB15547F2A0CB14200BF561E /* TunnelConfiguration+UapiConfig.swift in Sources */ = {isa = PBXBuildFile; fileRef = DB15547E2A0CB14200BF561E /* TunnelConfiguration+UapiConfig.swift */; };
		DB7111392A4923F80010A3BC /* SwiftyBeaver in Frameworks */ = {isa = PBXBuildFile; productRef = DB7111382A4923F80010A3BC /* SwiftyBeaver */; };
		DB71113B2A4923FE0010A3BC /* SwiftyBeaver in Frameworks */ = {isa = PBXBuildFile; productRef = DB71113A2A4923FE0010A3BC /* SwiftyBeaver */; };
		DBAFB8882A09CE62007A5C7D /* WireGuardDemoApp.swift in Sources */ = {isa = PBXBuildFile; fileRef = DBAFB8872A09CE62007A5C7D /* WireGuardDemoApp.swift */; };
		DBAFB88A2A09CE62007A5C7D /* ContentView.swift in Sources */ = {isa = PBXBuildFile; fileRef = DBAFB8892A09CE62007A5C7D /* ContentView.swift */; };
		DBAFB88C2A09CE63007A5C7D /* Assets.xcassets in Resources */ = {isa = PBXBuildFile; fileRef = DBAFB88B2A09CE63007A5C7D /* Assets.xcassets */; };
		DBAFB88F2A09CE63007A5C7D /* Preview Assets.xcassets in Resources */ = {isa = PBXBuildFile; fileRef = DBAFB88E2A09CE63007A5C7D /* Preview Assets.xcassets */; };
		DBAFB89D2A09D135007A5C7D /* NetworkExtension.framework in Frameworks */ = {isa = PBXBuildFile; fileRef = DBAFB89C2A09D134007A5C7D /* NetworkExtension.framework */; };
		DBAFB8A02A09D135007A5C7D /* PacketTunnelProvider.swift in Sources */ = {isa = PBXBuildFile; fileRef = DBAFB89F2A09D135007A5C7D /* PacketTunnelProvider.swift */; };
		DBAFB8A52A09D135007A5C7D /* WGExtension.appex in Embed Foundation Extensions */ = {isa = PBXBuildFile; fileRef = DBAFB89A2A09D134007A5C7D /* WGExtension.appex */; settings = {ATTRIBUTES = (RemoveHeadersOnCopy, ); }; };
		DBAFB8B02A09D233007A5C7D /* build_wireguard_go_bridge.sh in Resources */ = {isa = PBXBuildFile; fileRef = DBAFB8AF2A09D233007A5C7D /* build_wireguard_go_bridge.sh */; };
		DBAFB8C12A09E6EB007A5C7D /* UserDefaultsKey.swift in Sources */ = {isa = PBXBuildFile; fileRef = DBAFB8C02A09E6EB007A5C7D /* UserDefaultsKey.swift */; };
		DBAFB8CC2A0A1A38007A5C7D /* Interface.swift in Sources */ = {isa = PBXBuildFile; fileRef = DBAFB8CB2A0A1A38007A5C7D /* Interface.swift */; };
		DBAFB8CE2A0A1A3E007A5C7D /* Peer.swift in Sources */ = {isa = PBXBuildFile; fileRef = DBAFB8CD2A0A1A3E007A5C7D /* Peer.swift */; };
		DBAFB8D12A0A1A49007A5C7D /* Scene+.swift in Sources */ = {isa = PBXBuildFile; fileRef = DBAFB8D02A0A1A49007A5C7D /* Scene+.swift */; };
		DBAFB8E32A0A22B4007A5C7D /* ContentViewModel.swift in Sources */ = {isa = PBXBuildFile; fileRef = DBAFB8E22A0A22B4007A5C7D /* ContentViewModel.swift */; };
		DBC3E3262A4A554200B1F06E /* TunnelMessageCode.swift in Sources */ = {isa = PBXBuildFile; fileRef = DBC3E3252A4A554200B1F06E /* TunnelMessageCode.swift */; };
		DBC3E3272A4A554200B1F06E /* TunnelMessageCode.swift in Sources */ = {isa = PBXBuildFile; fileRef = DBC3E3252A4A554200B1F06E /* TunnelMessageCode.swift */; };
		DBC3E32A2A4A564000B1F06E /* Interface.swift in Sources */ = {isa = PBXBuildFile; fileRef = DBAFB8CB2A0A1A38007A5C7D /* Interface.swift */; };
		DBC3E32B2A4A564100B1F06E /* Peer.swift in Sources */ = {isa = PBXBuildFile; fileRef = DBAFB8CD2A0A1A3E007A5C7D /* Peer.swift */; };
		DBC3E32D2A4A574E00B1F06E /* WireGuardConfiguration.swift in Sources */ = {isa = PBXBuildFile; fileRef = DBC3E32C2A4A574E00B1F06E /* WireGuardConfiguration.swift */; };
		DBC3E32E2A4A574E00B1F06E /* WireGuardConfiguration.swift in Sources */ = {isa = PBXBuildFile; fileRef = DBC3E32C2A4A574E00B1F06E /* WireGuardConfiguration.swift */; };
		DBC3E3322A4A60BE00B1F06E /* RuntimeUpdater.swift in Sources */ = {isa = PBXBuildFile; fileRef = DBC3E3312A4A60BE00B1F06E /* RuntimeUpdater.swift */; };
		DBC3E3332A4A60BE00B1F06E /* RuntimeUpdater.swift in Sources */ = {isa = PBXBuildFile; fileRef = DBC3E3312A4A60BE00B1F06E /* RuntimeUpdater.swift */; };
/* End PBXBuildFile section */

/* Begin PBXContainerItemProxy section */
		DBAFB8A32A09D135007A5C7D /* PBXContainerItemProxy */ = {
			isa = PBXContainerItemProxy;
			containerPortal = DBAFB87C2A09CE62007A5C7D /* Project object */;
			proxyType = 1;
			remoteGlobalIDString = DBAFB8992A09D134007A5C7D;
			remoteInfo = WGExtension;
		};
		DBAFB8B12A09D32B007A5C7D /* PBXContainerItemProxy */ = {
			isa = PBXContainerItemProxy;
			containerPortal = DBAFB87C2A09CE62007A5C7D /* Project object */;
			proxyType = 1;
			remoteGlobalIDString = DBAFB8AA2A09D1D1007A5C7D;
			remoteInfo = "WG-Go-Bridge";
		};
/* End PBXContainerItemProxy section */

/* Begin PBXCopyFilesBuildPhase section */
		DBAFB8A92A09D135007A5C7D /* Embed Foundation Extensions */ = {
			isa = PBXCopyFilesBuildPhase;
			buildActionMask = 2147483647;
			dstPath = "";
			dstSubfolderSpec = 13;
			files = (
				DBAFB8A52A09D135007A5C7D /* WGExtension.appex in Embed Foundation Extensions */,
			);
			name = "Embed Foundation Extensions";
			runOnlyForDeploymentPostprocessing = 0;
		};
/* End PBXCopyFilesBuildPhase section */

/* Begin PBXFileReference section */
		DB1554422A0C630100BF561E /* String+.swift */ = {isa = PBXFileReference; lastKnownFileType = sourcecode.swift; path = "String+.swift"; sourceTree = "<group>"; };
		DB1554462A0C633D00BF561E /* TunnelConfiguration.swift */ = {isa = PBXFileReference; lastKnownFileType = sourcecode.swift; path = TunnelConfiguration.swift; sourceTree = "<group>"; };
		DB15547B2A0C978000BF561E /* Shared.swift */ = {isa = PBXFileReference; lastKnownFileType = sourcecode.swift; path = Shared.swift; sourceTree = "<group>"; };
		DB15547E2A0CB14200BF561E /* TunnelConfiguration+UapiConfig.swift */ = {isa = PBXFileReference; lastKnownFileType = sourcecode.swift; path = "TunnelConfiguration+UapiConfig.swift"; sourceTree = "<group>"; };
		DBAFB8842A09CE62007A5C7D /* WireGuardDemo.app */ = {isa = PBXFileReference; explicitFileType = wrapper.application; includeInIndex = 0; path = WireGuardDemo.app; sourceTree = BUILT_PRODUCTS_DIR; };
		DBAFB8872A09CE62007A5C7D /* WireGuardDemoApp.swift */ = {isa = PBXFileReference; lastKnownFileType = sourcecode.swift; path = WireGuardDemoApp.swift; sourceTree = "<group>"; };
		DBAFB8892A09CE62007A5C7D /* ContentView.swift */ = {isa = PBXFileReference; lastKnownFileType = sourcecode.swift; path = ContentView.swift; sourceTree = "<group>"; wrapsLines = 0; };
		DBAFB88B2A09CE63007A5C7D /* Assets.xcassets */ = {isa = PBXFileReference; lastKnownFileType = folder.assetcatalog; path = Assets.xcassets; sourceTree = "<group>"; };
		DBAFB88E2A09CE63007A5C7D /* Preview Assets.xcassets */ = {isa = PBXFileReference; lastKnownFileType = folder.assetcatalog; path = "Preview Assets.xcassets"; sourceTree = "<group>"; };
		DBAFB8902A09CE63007A5C7D /* WireGuardDemo.entitlements */ = {isa = PBXFileReference; lastKnownFileType = text.plist.entitlements; path = WireGuardDemo.entitlements; sourceTree = "<group>"; };
		DBAFB89A2A09D134007A5C7D /* WGExtension.appex */ = {isa = PBXFileReference; explicitFileType = "wrapper.app-extension"; includeInIndex = 0; path = WGExtension.appex; sourceTree = BUILT_PRODUCTS_DIR; };
		DBAFB89C2A09D134007A5C7D /* NetworkExtension.framework */ = {isa = PBXFileReference; lastKnownFileType = wrapper.framework; name = NetworkExtension.framework; path = System/Library/Frameworks/NetworkExtension.framework; sourceTree = SDKROOT; };
		DBAFB89F2A09D135007A5C7D /* PacketTunnelProvider.swift */ = {isa = PBXFileReference; lastKnownFileType = sourcecode.swift; path = PacketTunnelProvider.swift; sourceTree = "<group>"; };
		DBAFB8A12A09D135007A5C7D /* Info.plist */ = {isa = PBXFileReference; lastKnownFileType = text.plist.xml; path = Info.plist; sourceTree = "<group>"; };
		DBAFB8A22A09D135007A5C7D /* WGExtension.entitlements */ = {isa = PBXFileReference; lastKnownFileType = text.plist.entitlements; path = WGExtension.entitlements; sourceTree = "<group>"; };
		DBAFB8AF2A09D233007A5C7D /* build_wireguard_go_bridge.sh */ = {isa = PBXFileReference; fileEncoding = 4; lastKnownFileType = text.script.sh; path = build_wireguard_go_bridge.sh; sourceTree = "<group>"; };
		DBAFB8C02A09E6EB007A5C7D /* UserDefaultsKey.swift */ = {isa = PBXFileReference; lastKnownFileType = sourcecode.swift; path = UserDefaultsKey.swift; sourceTree = "<group>"; };
		DBAFB8CB2A0A1A38007A5C7D /* Interface.swift */ = {isa = PBXFileReference; lastKnownFileType = sourcecode.swift; path = Interface.swift; sourceTree = "<group>"; };
		DBAFB8CD2A0A1A3E007A5C7D /* Peer.swift */ = {isa = PBXFileReference; lastKnownFileType = sourcecode.swift; path = Peer.swift; sourceTree = "<group>"; };
		DBAFB8D02A0A1A49007A5C7D /* Scene+.swift */ = {isa = PBXFileReference; lastKnownFileType = sourcecode.swift; path = "Scene+.swift"; sourceTree = "<group>"; };
		DBAFB8E22A0A22B4007A5C7D /* ContentViewModel.swift */ = {isa = PBXFileReference; lastKnownFileType = sourcecode.swift; path = ContentViewModel.swift; sourceTree = "<group>"; };
		DBC3E3252A4A554200B1F06E /* TunnelMessageCode.swift */ = {isa = PBXFileReference; lastKnownFileType = sourcecode.swift; path = TunnelMessageCode.swift; sourceTree = "<group>"; };
		DBC3E32C2A4A574E00B1F06E /* WireGuardConfiguration.swift */ = {isa = PBXFileReference; lastKnownFileType = sourcecode.swift; path = WireGuardConfiguration.swift; sourceTree = "<group>"; };
		DBC3E3312A4A60BE00B1F06E /* RuntimeUpdater.swift */ = {isa = PBXFileReference; lastKnownFileType = sourcecode.swift; path = RuntimeUpdater.swift; sourceTree = "<group>"; };
/* End PBXFileReference section */

/* Begin PBXFrameworksBuildPhase section */
		DBAFB8812A09CE62007A5C7D /* Frameworks */ = {
			isa = PBXFrameworksBuildPhase;
			buildActionMask = 2147483647;
			files = (
				DB1554412A0B87B400BF561E /* WireGuardKit in Frameworks */,
				DB7111392A4923F80010A3BC /* SwiftyBeaver in Frameworks */,
			);
			runOnlyForDeploymentPostprocessing = 0;
		};
		DBAFB8972A09D134007A5C7D /* Frameworks */ = {
			isa = PBXFrameworksBuildPhase;
			buildActionMask = 2147483647;
			files = (
				DB1554492A0C635000BF561E /* WireGuardKit in Frameworks */,
				DBAFB89D2A09D135007A5C7D /* NetworkExtension.framework in Frameworks */,
				DB71113B2A4923FE0010A3BC /* SwiftyBeaver in Frameworks */,
			);
			runOnlyForDeploymentPostprocessing = 0;
		};
/* End PBXFrameworksBuildPhase section */

/* Begin PBXGroup section */
		DB1554442A0C630500BF561E /* Extension */ = {
			isa = PBXGroup;
			children = (
				DB1554422A0C630100BF561E /* String+.swift */,
			);
			path = Extension;
			sourceTree = "<group>";
		};
		DB1554452A0C632100BF561E /* Configuration */ = {
			isa = PBXGroup;
			children = (
				DB1554462A0C633D00BF561E /* TunnelConfiguration.swift */,
				DB15547E2A0CB14200BF561E /* TunnelConfiguration+UapiConfig.swift */,
			);
			path = Configuration;
			sourceTree = "<group>";
		};
		DB15547A2A0C977200BF561E /* Shared */ = {
			isa = PBXGroup;
			children = (
				DB15547B2A0C978000BF561E /* Shared.swift */,
			);
			path = Shared;
			sourceTree = "<group>";
		};
		DBAFB87B2A09CE62007A5C7D = {
			isa = PBXGroup;
			children = (
				DBC3E3242A4A52B200B1F06E /* WireGuardCore */,
				DB15547A2A0C977200BF561E /* Shared */,
				DBAFB8DA2A0A2093007A5C7D /* Packages */,
				DBAFB8AE2A09D206007A5C7D /* Scripts */,
				DBAFB8862A09CE62007A5C7D /* WireGuardDemo */,
				DBAFB89E2A09D135007A5C7D /* WGExtension */,
				DBAFB89B2A09D134007A5C7D /* Frameworks */,
				DBAFB8852A09CE62007A5C7D /* Products */,
			);
			sourceTree = "<group>";
		};
		DBAFB8852A09CE62007A5C7D /* Products */ = {
			isa = PBXGroup;
			children = (
				DBAFB8842A09CE62007A5C7D /* WireGuardDemo.app */,
				DBAFB89A2A09D134007A5C7D /* WGExtension.appex */,
			);
			name = Products;
			sourceTree = "<group>";
		};
		DBAFB8862A09CE62007A5C7D /* WireGuardDemo */ = {
			isa = PBXGroup;
			children = (
				DBAFB8E12A0A229A007A5C7D /* ViewModel */,
				DBAFB8E02A0A228E007A5C7D /* View */,
				DBAFB8CF2A0A1A41007A5C7D /* Extension */,
				DBAFB8BE2A09E6D4007A5C7D /* Utils */,
				DBAFB8872A09CE62007A5C7D /* WireGuardDemoApp.swift */,
				DBAFB88B2A09CE63007A5C7D /* Assets.xcassets */,
				DBAFB8902A09CE63007A5C7D /* WireGuardDemo.entitlements */,
				DBAFB88D2A09CE63007A5C7D /* Preview Content */,
			);
			path = WireGuardDemo;
			sourceTree = "<group>";
		};
		DBAFB88D2A09CE63007A5C7D /* Preview Content */ = {
			isa = PBXGroup;
			children = (
				DBAFB88E2A09CE63007A5C7D /* Preview Assets.xcassets */,
			);
			path = "Preview Content";
			sourceTree = "<group>";
		};
		DBAFB89B2A09D134007A5C7D /* Frameworks */ = {
			isa = PBXGroup;
			children = (
				DBAFB89C2A09D134007A5C7D /* NetworkExtension.framework */,
			);
			name = Frameworks;
			sourceTree = "<group>";
		};
		DBAFB89E2A09D135007A5C7D /* WGExtension */ = {
			isa = PBXGroup;
			children = (
				DB1554452A0C632100BF561E /* Configuration */,
				DB1554442A0C630500BF561E /* Extension */,
				DBAFB89F2A09D135007A5C7D /* PacketTunnelProvider.swift */,
				DBAFB8A12A09D135007A5C7D /* Info.plist */,
				DBAFB8A22A09D135007A5C7D /* WGExtension.entitlements */,
			);
			path = WGExtension;
			sourceTree = "<group>";
		};
		DBAFB8AE2A09D206007A5C7D /* Scripts */ = {
			isa = PBXGroup;
			children = (
				DBAFB8AF2A09D233007A5C7D /* build_wireguard_go_bridge.sh */,
			);
			path = Scripts;
			sourceTree = "<group>";
		};
		DBAFB8BE2A09E6D4007A5C7D /* Utils */ = {
			isa = PBXGroup;
			children = (
				DBAFB8BF2A09E6DE007A5C7D /* Static */,
			);
			path = Utils;
			sourceTree = "<group>";
		};
		DBAFB8BF2A09E6DE007A5C7D /* Static */ = {
			isa = PBXGroup;
			children = (
				DBAFB8C02A09E6EB007A5C7D /* UserDefaultsKey.swift */,
			);
			path = Static;
			sourceTree = "<group>";
		};
		DBAFB8CF2A0A1A41007A5C7D /* Extension */ = {
			isa = PBXGroup;
			children = (
				DBAFB8D02A0A1A49007A5C7D /* Scene+.swift */,
			);
			path = Extension;
			sourceTree = "<group>";
		};
		DBAFB8DA2A0A2093007A5C7D /* Packages */ = {
			isa = PBXGroup;
			children = (
			);
			name = Packages;
			sourceTree = "<group>";
		};
		DBAFB8E02A0A228E007A5C7D /* View */ = {
			isa = PBXGroup;
			children = (
				DBAFB8892A09CE62007A5C7D /* ContentView.swift */,
			);
			path = View;
			sourceTree = "<group>";
		};
		DBAFB8E12A0A229A007A5C7D /* ViewModel */ = {
			isa = PBXGroup;
			children = (
				DBAFB8E22A0A22B4007A5C7D /* ContentViewModel.swift */,
			);
			path = ViewModel;
			sourceTree = "<group>";
		};
		DBC3E3242A4A52B200B1F06E /* WireGuardCore */ = {
			isa = PBXGroup;
			children = (
				DBC3E3292A4A563200B1F06E /* Protocols */,
				DBC3E3302A4A5F2F00B1F06E /* Utilities */,
				DBC3E3282A4A562200B1F06E /* Models */,
			);
			path = WireGuardCore;
			sourceTree = "<group>";
		};
		DBC3E3282A4A562200B1F06E /* Models */ = {
			isa = PBXGroup;
			children = (
				DBC3E32F2A4A575D00B1F06E /* Format */,
				DBAFB8CB2A0A1A38007A5C7D /* Interface.swift */,
				DBAFB8CD2A0A1A3E007A5C7D /* Peer.swift */,
			);
			path = Models;
			sourceTree = "<group>";
		};
		DBC3E3292A4A563200B1F06E /* Protocols */ = {
			isa = PBXGroup;
			children = (
				DBC3E32C2A4A574E00B1F06E /* WireGuardConfiguration.swift */,
			);
			path = Protocols;
			sourceTree = "<group>";
		};
		DBC3E32F2A4A575D00B1F06E /* Format */ = {
			isa = PBXGroup;
			children = (
				DBC3E3252A4A554200B1F06E /* TunnelMessageCode.swift */,
			);
			path = Format;
			sourceTree = "<group>";
		};
		DBC3E3302A4A5F2F00B1F06E /* Utilities */ = {
			isa = PBXGroup;
			children = (
				DBC3E3312A4A60BE00B1F06E /* RuntimeUpdater.swift */,
			);
			path = Utilities;
			sourceTree = "<group>";
		};
/* End PBXGroup section */

/* Begin PBXLegacyTarget section */
		DBAFB8AA2A09D1D1007A5C7D /* WG-Go-Bridge */ = {
			isa = PBXLegacyTarget;
			buildArgumentsString = "$(ACTION)";
			buildConfigurationList = DBAFB8AB2A09D1D1007A5C7D /* Build configuration list for PBXLegacyTarget "WG-Go-Bridge" */;
			buildPhases = (
			);
			buildToolPath = "$(PROJECT_DIR)/Scripts/build_wireguard_go_bridge.sh";
			buildWorkingDirectory = "";
			dependencies = (
			);
			name = "WG-Go-Bridge";
			passBuildSettingsInEnvironment = 1;
			productName = "WG-Go-Bridge";
		};
/* End PBXLegacyTarget section */

/* Begin PBXNativeTarget section */
		DBAFB8832A09CE62007A5C7D /* WireGuardDemo */ = {
			isa = PBXNativeTarget;
			buildConfigurationList = DBAFB8932A09CE63007A5C7D /* Build configuration list for PBXNativeTarget "WireGuardDemo" */;
			buildPhases = (
				DBAFB8802A09CE62007A5C7D /* Sources */,
				DBAFB8812A09CE62007A5C7D /* Frameworks */,
				DBAFB8822A09CE62007A5C7D /* Resources */,
				DBAFB8A92A09D135007A5C7D /* Embed Foundation Extensions */,
			);
			buildRules = (
			);
			dependencies = (
				DBAFB8A42A09D135007A5C7D /* PBXTargetDependency */,
			);
			name = WireGuardDemo;
			packageProductDependencies = (
				DB1554402A0B87B400BF561E /* WireGuardKit */,
				DB7111382A4923F80010A3BC /* SwiftyBeaver */,
			);
			productName = WireGuardDemo;
			productReference = DBAFB8842A09CE62007A5C7D /* WireGuardDemo.app */;
			productType = "com.apple.product-type.application";
		};
		DBAFB8992A09D134007A5C7D /* WGExtension */ = {
			isa = PBXNativeTarget;
			buildConfigurationList = DBAFB8A62A09D135007A5C7D /* Build configuration list for PBXNativeTarget "WGExtension" */;
			buildPhases = (
				DBAFB8962A09D134007A5C7D /* Sources */,
				DBAFB8972A09D134007A5C7D /* Frameworks */,
				DBAFB8982A09D134007A5C7D /* Resources */,
			);
			buildRules = (
			);
			dependencies = (
				DBAFB8B22A09D32B007A5C7D /* PBXTargetDependency */,
			);
			name = WGExtension;
			packageProductDependencies = (
				DB1554482A0C635000BF561E /* WireGuardKit */,
				DB71113A2A4923FE0010A3BC /* SwiftyBeaver */,
			);
			productName = WGExtension;
			productReference = DBAFB89A2A09D134007A5C7D /* WGExtension.appex */;
			productType = "com.apple.product-type.app-extension";
		};
/* End PBXNativeTarget section */

/* Begin PBXProject section */
		DBAFB87C2A09CE62007A5C7D /* Project object */ = {
			isa = PBXProject;
			attributes = {
				BuildIndependentTargetsInParallel = 1;
				LastSwiftUpdateCheck = 1430;
				LastUpgradeCheck = 1430;
				TargetAttributes = {
					DBAFB8832A09CE62007A5C7D = {
						CreatedOnToolsVersion = 14.3;
					};
					DBAFB8992A09D134007A5C7D = {
						CreatedOnToolsVersion = 14.3;
					};
					DBAFB8AA2A09D1D1007A5C7D = {
						CreatedOnToolsVersion = 14.3;
					};
				};
			};
			buildConfigurationList = DBAFB87F2A09CE62007A5C7D /* Build configuration list for PBXProject "WireGuardDemo" */;
			compatibilityVersion = "Xcode 14.0";
			developmentRegion = en;
			hasScannedForEncodings = 0;
			knownRegions = (
				en,
				Base,
			);
			mainGroup = DBAFB87B2A09CE62007A5C7D;
			packageReferences = (
				DB15543F2A0B87B400BF561E /* XCRemoteSwiftPackageReference "wireguard-apple" */,
				DB7111372A4923F80010A3BC /* XCRemoteSwiftPackageReference "SwiftyBeaver" */,
			);
			productRefGroup = DBAFB8852A09CE62007A5C7D /* Products */;
			projectDirPath = "";
			projectRoot = "";
			targets = (
				DBAFB8832A09CE62007A5C7D /* WireGuardDemo */,
				DBAFB8992A09D134007A5C7D /* WGExtension */,
				DBAFB8AA2A09D1D1007A5C7D /* WG-Go-Bridge */,
			);
		};
/* End PBXProject section */

/* Begin PBXResourcesBuildPhase section */
		DBAFB8822A09CE62007A5C7D /* Resources */ = {
			isa = PBXResourcesBuildPhase;
			buildActionMask = 2147483647;
			files = (
				DBAFB8B02A09D233007A5C7D /* build_wireguard_go_bridge.sh in Resources */,
				DBAFB88F2A09CE63007A5C7D /* Preview Assets.xcassets in Resources */,
				DBAFB88C2A09CE63007A5C7D /* Assets.xcassets in Resources */,
			);
			runOnlyForDeploymentPostprocessing = 0;
		};
		DBAFB8982A09D134007A5C7D /* Resources */ = {
			isa = PBXResourcesBuildPhase;
			buildActionMask = 2147483647;
			files = (
			);
			runOnlyForDeploymentPostprocessing = 0;
		};
/* End PBXResourcesBuildPhase section */

/* Begin PBXSourcesBuildPhase section */
		DBAFB8802A09CE62007A5C7D /* Sources */ = {
			isa = PBXSourcesBuildPhase;
			buildActionMask = 2147483647;
			files = (
				DBAFB88A2A09CE62007A5C7D /* ContentView.swift in Sources */,
				DBAFB8CE2A0A1A3E007A5C7D /* Peer.swift in Sources */,
				DBC3E3262A4A554200B1F06E /* TunnelMessageCode.swift in Sources */,
				DBC3E32D2A4A574E00B1F06E /* WireGuardConfiguration.swift in Sources */,
				DBAFB8D12A0A1A49007A5C7D /* Scene+.swift in Sources */,
				DBAFB8E32A0A22B4007A5C7D /* ContentViewModel.swift in Sources */,
				DBC3E3322A4A60BE00B1F06E /* RuntimeUpdater.swift in Sources */,
				DBAFB8882A09CE62007A5C7D /* WireGuardDemoApp.swift in Sources */,
				DBAFB8C12A09E6EB007A5C7D /* UserDefaultsKey.swift in Sources */,
				DB15547C2A0C978000BF561E /* Shared.swift in Sources */,
				DBAFB8CC2A0A1A38007A5C7D /* Interface.swift in Sources */,
			);
			runOnlyForDeploymentPostprocessing = 0;
		};
		DBAFB8962A09D134007A5C7D /* Sources */ = {
			isa = PBXSourcesBuildPhase;
			buildActionMask = 2147483647;
			files = (
				DB1554432A0C630100BF561E /* String+.swift in Sources */,
				DBC3E32E2A4A574E00B1F06E /* WireGuardConfiguration.swift in Sources */,
				DBC3E32B2A4A564100B1F06E /* Peer.swift in Sources */,
				DB1554472A0C633D00BF561E /* TunnelConfiguration.swift in Sources */,
				DBC3E3332A4A60BE00B1F06E /* RuntimeUpdater.swift in Sources */,
				DBC3E3272A4A554200B1F06E /* TunnelMessageCode.swift in Sources */,
				DBC3E32A2A4A564000B1F06E /* Interface.swift in Sources */,
				DB15547D2A0C978000BF561E /* Shared.swift in Sources */,
				DB15547F2A0CB14200BF561E /* TunnelConfiguration+UapiConfig.swift in Sources */,
				DBAFB8A02A09D135007A5C7D /* PacketTunnelProvider.swift in Sources */,
			);
			runOnlyForDeploymentPostprocessing = 0;
		};
/* End PBXSourcesBuildPhase section */

/* Begin PBXTargetDependency section */
		DBAFB8A42A09D135007A5C7D /* PBXTargetDependency */ = {
			isa = PBXTargetDependency;
			target = DBAFB8992A09D134007A5C7D /* WGExtension */;
			targetProxy = DBAFB8A32A09D135007A5C7D /* PBXContainerItemProxy */;
		};
		DBAFB8B22A09D32B007A5C7D /* PBXTargetDependency */ = {
			isa = PBXTargetDependency;
			target = DBAFB8AA2A09D1D1007A5C7D /* WG-Go-Bridge */;
			targetProxy = DBAFB8B12A09D32B007A5C7D /* PBXContainerItemProxy */;
		};
/* End PBXTargetDependency section */

/* Begin XCBuildConfiguration section */
		DBAFB8912A09CE63007A5C7D /* Debug */ = {
			isa = XCBuildConfiguration;
			buildSettings = {
				ALWAYS_SEARCH_USER_PATHS = NO;
				CLANG_ANALYZER_NONNULL = YES;
				CLANG_ANALYZER_NUMBER_OBJECT_CONVERSION = YES_AGGRESSIVE;
				CLANG_CXX_LANGUAGE_STANDARD = "gnu++20";
				CLANG_ENABLE_MODULES = YES;
				CLANG_ENABLE_OBJC_ARC = YES;
				CLANG_ENABLE_OBJC_WEAK = YES;
				CLANG_WARN_BLOCK_CAPTURE_AUTORELEASING = YES;
				CLANG_WARN_BOOL_CONVERSION = YES;
				CLANG_WARN_COMMA = YES;
				CLANG_WARN_CONSTANT_CONVERSION = YES;
				CLANG_WARN_DEPRECATED_OBJC_IMPLEMENTATIONS = YES;
				CLANG_WARN_DIRECT_OBJC_ISA_USAGE = YES_ERROR;
				CLANG_WARN_DOCUMENTATION_COMMENTS = YES;
				CLANG_WARN_EMPTY_BODY = YES;
				CLANG_WARN_ENUM_CONVERSION = YES;
				CLANG_WARN_INFINITE_RECURSION = YES;
				CLANG_WARN_INT_CONVERSION = YES;
				CLANG_WARN_NON_LITERAL_NULL_CONVERSION = YES;
				CLANG_WARN_OBJC_IMPLICIT_RETAIN_SELF = YES;
				CLANG_WARN_OBJC_LITERAL_CONVERSION = YES;
				CLANG_WARN_OBJC_ROOT_CLASS = YES_ERROR;
				CLANG_WARN_QUOTED_INCLUDE_IN_FRAMEWORK_HEADER = YES;
				CLANG_WARN_RANGE_LOOP_ANALYSIS = YES;
				CLANG_WARN_STRICT_PROTOTYPES = YES;
				CLANG_WARN_SUSPICIOUS_MOVE = YES;
				CLANG_WARN_UNGUARDED_AVAILABILITY = YES_AGGRESSIVE;
				CLANG_WARN_UNREACHABLE_CODE = YES;
				CLANG_WARN__DUPLICATE_METHOD_MATCH = YES;
				COPY_PHASE_STRIP = NO;
				DEBUG_INFORMATION_FORMAT = dwarf;
				ENABLE_STRICT_OBJC_MSGSEND = YES;
				ENABLE_TESTABILITY = YES;
				GCC_C_LANGUAGE_STANDARD = gnu11;
				GCC_DYNAMIC_NO_PIC = NO;
				GCC_NO_COMMON_BLOCKS = YES;
				GCC_OPTIMIZATION_LEVEL = 0;
				GCC_PREPROCESSOR_DEFINITIONS = (
					"DEBUG=1",
					"$(inherited)",
				);
				GCC_WARN_64_TO_32_BIT_CONVERSION = YES;
				GCC_WARN_ABOUT_RETURN_TYPE = YES_ERROR;
				GCC_WARN_UNDECLARED_SELECTOR = YES;
				GCC_WARN_UNINITIALIZED_AUTOS = YES_AGGRESSIVE;
				GCC_WARN_UNUSED_FUNCTION = YES;
				GCC_WARN_UNUSED_VARIABLE = YES;
				MACOSX_DEPLOYMENT_TARGET = 12.0;
				MTL_ENABLE_DEBUG_INFO = INCLUDE_SOURCE;
				MTL_FAST_MATH = YES;
				ONLY_ACTIVE_ARCH = YES;
				SDKROOT = macosx;
				SWIFT_ACTIVE_COMPILATION_CONDITIONS = DEBUG;
				SWIFT_OPTIMIZATION_LEVEL = "-Onone";
			};
			name = Debug;
		};
		DBAFB8922A09CE63007A5C7D /* Release */ = {
			isa = XCBuildConfiguration;
			buildSettings = {
				ALWAYS_SEARCH_USER_PATHS = NO;
				CLANG_ANALYZER_NONNULL = YES;
				CLANG_ANALYZER_NUMBER_OBJECT_CONVERSION = YES_AGGRESSIVE;
				CLANG_CXX_LANGUAGE_STANDARD = "gnu++20";
				CLANG_ENABLE_MODULES = YES;
				CLANG_ENABLE_OBJC_ARC = YES;
				CLANG_ENABLE_OBJC_WEAK = YES;
				CLANG_WARN_BLOCK_CAPTURE_AUTORELEASING = YES;
				CLANG_WARN_BOOL_CONVERSION = YES;
				CLANG_WARN_COMMA = YES;
				CLANG_WARN_CONSTANT_CONVERSION = YES;
				CLANG_WARN_DEPRECATED_OBJC_IMPLEMENTATIONS = YES;
				CLANG_WARN_DIRECT_OBJC_ISA_USAGE = YES_ERROR;
				CLANG_WARN_DOCUMENTATION_COMMENTS = YES;
				CLANG_WARN_EMPTY_BODY = YES;
				CLANG_WARN_ENUM_CONVERSION = YES;
				CLANG_WARN_INFINITE_RECURSION = YES;
				CLANG_WARN_INT_CONVERSION = YES;
				CLANG_WARN_NON_LITERAL_NULL_CONVERSION = YES;
				CLANG_WARN_OBJC_IMPLICIT_RETAIN_SELF = YES;
				CLANG_WARN_OBJC_LITERAL_CONVERSION = YES;
				CLANG_WARN_OBJC_ROOT_CLASS = YES_ERROR;
				CLANG_WARN_QUOTED_INCLUDE_IN_FRAMEWORK_HEADER = YES;
				CLANG_WARN_RANGE_LOOP_ANALYSIS = YES;
				CLANG_WARN_STRICT_PROTOTYPES = YES;
				CLANG_WARN_SUSPICIOUS_MOVE = YES;
				CLANG_WARN_UNGUARDED_AVAILABILITY = YES_AGGRESSIVE;
				CLANG_WARN_UNREACHABLE_CODE = YES;
				CLANG_WARN__DUPLICATE_METHOD_MATCH = YES;
				COPY_PHASE_STRIP = NO;
				DEBUG_INFORMATION_FORMAT = "dwarf-with-dsym";
				ENABLE_NS_ASSERTIONS = NO;
				ENABLE_STRICT_OBJC_MSGSEND = YES;
				GCC_C_LANGUAGE_STANDARD = gnu11;
				GCC_NO_COMMON_BLOCKS = YES;
				GCC_WARN_64_TO_32_BIT_CONVERSION = YES;
				GCC_WARN_ABOUT_RETURN_TYPE = YES_ERROR;
				GCC_WARN_UNDECLARED_SELECTOR = YES;
				GCC_WARN_UNINITIALIZED_AUTOS = YES_AGGRESSIVE;
				GCC_WARN_UNUSED_FUNCTION = YES;
				GCC_WARN_UNUSED_VARIABLE = YES;
				MACOSX_DEPLOYMENT_TARGET = 12.0;
				MTL_ENABLE_DEBUG_INFO = NO;
				MTL_FAST_MATH = YES;
				SDKROOT = macosx;
				SWIFT_COMPILATION_MODE = wholemodule;
				SWIFT_OPTIMIZATION_LEVEL = "-O";
			};
			name = Release;
		};
		DBAFB8942A09CE63007A5C7D /* Debug */ = {
			isa = XCBuildConfiguration;
			buildSettings = {
				ALWAYS_EMBED_SWIFT_STANDARD_LIBRARIES = YES;
				ASSETCATALOG_COMPILER_APPICON_NAME = AppIcon;
				ASSETCATALOG_COMPILER_GLOBAL_ACCENT_COLOR_NAME = AccentColor;
				CODE_SIGN_ENTITLEMENTS = WireGuardDemo/WireGuardDemo.entitlements;
				CODE_SIGN_IDENTITY = "Apple Development";
				"CODE_SIGN_IDENTITY[sdk=macosx*]" = "Mac Developer";
				CODE_SIGN_STYLE = Manual;
				COMBINE_HIDPI_IMAGES = YES;
				CURRENT_PROJECT_VERSION = 1;
				DEVELOPMENT_ASSET_PATHS = "\"WireGuardDemo/Preview Content\"";
				DEVELOPMENT_TEAM = "";
				"DEVELOPMENT_TEAM[sdk=macosx*]" = AWR77X8V5R;
				ENABLE_HARDENED_RUNTIME = YES;
				ENABLE_PREVIEWS = YES;
				GENERATE_INFOPLIST_FILE = YES;
				INFOPLIST_KEY_NSHumanReadableCopyright = "";
				LD_RUNPATH_SEARCH_PATHS = (
					"$(inherited)",
					"@executable_path/../Frameworks",
				);
				MACOSX_DEPLOYMENT_TARGET = 12.0;
				MARKETING_VERSION = 1.0;
				PRODUCT_BUNDLE_IDENTIFIER = example.chmun.WireGuardDemo;
				PRODUCT_NAME = "$(TARGET_NAME)";
				PROVISIONING_PROFILE_SPECIFIER = "";
				"PROVISIONING_PROFILE_SPECIFIER[sdk=macosx*]" = "WireGuard Demo App example";
				SWIFT_EMIT_LOC_STRINGS = YES;
				SWIFT_VERSION = 5.0;
			};
			name = Debug;
		};
		DBAFB8952A09CE63007A5C7D /* Release */ = {
			isa = XCBuildConfiguration;
			buildSettings = {
				ALWAYS_EMBED_SWIFT_STANDARD_LIBRARIES = YES;
				ASSETCATALOG_COMPILER_APPICON_NAME = AppIcon;
				ASSETCATALOG_COMPILER_GLOBAL_ACCENT_COLOR_NAME = AccentColor;
				CODE_SIGN_ENTITLEMENTS = WireGuardDemo/WireGuardDemo.entitlements;
				CODE_SIGN_IDENTITY = "Apple Development";
				"CODE_SIGN_IDENTITY[sdk=macosx*]" = "Mac Developer";
				CODE_SIGN_STYLE = Manual;
				COMBINE_HIDPI_IMAGES = YES;
				CURRENT_PROJECT_VERSION = 1;
				DEVELOPMENT_ASSET_PATHS = "\"WireGuardDemo/Preview Content\"";
				DEVELOPMENT_TEAM = "";
				"DEVELOPMENT_TEAM[sdk=macosx*]" = AWR77X8V5R;
				ENABLE_HARDENED_RUNTIME = YES;
				ENABLE_PREVIEWS = YES;
				GENERATE_INFOPLIST_FILE = YES;
				INFOPLIST_KEY_NSHumanReadableCopyright = "";
				LD_RUNPATH_SEARCH_PATHS = (
					"$(inherited)",
					"@executable_path/../Frameworks",
				);
				MACOSX_DEPLOYMENT_TARGET = 12.0;
				MARKETING_VERSION = 1.0;
				PRODUCT_BUNDLE_IDENTIFIER = example.chmun.WireGuardDemo;
				PRODUCT_NAME = "$(TARGET_NAME)";
				PROVISIONING_PROFILE_SPECIFIER = "";
				"PROVISIONING_PROFILE_SPECIFIER[sdk=macosx*]" = "WireGuard Demo App example";
				SWIFT_EMIT_LOC_STRINGS = YES;
				SWIFT_VERSION = 5.0;
			};
			name = Release;
		};
		DBAFB8A72A09D135007A5C7D /* Debug */ = {
			isa = XCBuildConfiguration;
			buildSettings = {
				CODE_SIGN_ENTITLEMENTS = WGExtension/WGExtension.entitlements;
				CODE_SIGN_IDENTITY = "Apple Development";
				"CODE_SIGN_IDENTITY[sdk=macosx*]" = "Mac Developer";
				CODE_SIGN_STYLE = Manual;
				CURRENT_PROJECT_VERSION = 1;
				DEVELOPMENT_TEAM = "";
				"DEVELOPMENT_TEAM[sdk=macosx*]" = AWR77X8V5R;
				ENABLE_HARDENED_RUNTIME = YES;
				GENERATE_INFOPLIST_FILE = YES;
				INFOPLIST_FILE = WGExtension/Info.plist;
				INFOPLIST_KEY_CFBundleDisplayName = WGExtension;
				INFOPLIST_KEY_NSHumanReadableCopyright = "";
				LD_RUNPATH_SEARCH_PATHS = (
					"$(inherited)",
					"@executable_path/../Frameworks",
					"@executable_path/../../../../Frameworks",
				);
				MACOSX_DEPLOYMENT_TARGET = 12.0;
				MARKETING_VERSION = 1.0;
				PRODUCT_BUNDLE_IDENTIFIER = example.chmun.WireGuardDemo.WGExtension;
				PRODUCT_NAME = "$(TARGET_NAME)";
				PROVISIONING_PROFILE_SPECIFIER = "";
				"PROVISIONING_PROFILE_SPECIFIER[sdk=macosx*]" = "WireGuard Demo App WGExtension example";
				SKIP_INSTALL = YES;
				SWIFT_EMIT_LOC_STRINGS = YES;
				SWIFT_VERSION = 5.0;
			};
			name = Debug;
		};
		DBAFB8A82A09D135007A5C7D /* Release */ = {
			isa = XCBuildConfiguration;
			buildSettings = {
				CODE_SIGN_ENTITLEMENTS = WGExtension/WGExtension.entitlements;
				CODE_SIGN_IDENTITY = "Apple Development";
				"CODE_SIGN_IDENTITY[sdk=macosx*]" = "Mac Developer";
				CODE_SIGN_STYLE = Manual;
				CURRENT_PROJECT_VERSION = 1;
				DEVELOPMENT_TEAM = "";
				"DEVELOPMENT_TEAM[sdk=macosx*]" = AWR77X8V5R;
				ENABLE_HARDENED_RUNTIME = YES;
				GENERATE_INFOPLIST_FILE = YES;
				INFOPLIST_FILE = WGExtension/Info.plist;
				INFOPLIST_KEY_CFBundleDisplayName = WGExtension;
				INFOPLIST_KEY_NSHumanReadableCopyright = "";
				LD_RUNPATH_SEARCH_PATHS = (
					"$(inherited)",
					"@executable_path/../Frameworks",
					"@executable_path/../../../../Frameworks",
				);
				MACOSX_DEPLOYMENT_TARGET = 12.0;
				MARKETING_VERSION = 1.0;
				PRODUCT_BUNDLE_IDENTIFIER = example.chmun.WireGuardDemo.WGExtension;
				PRODUCT_NAME = "$(TARGET_NAME)";
				PROVISIONING_PROFILE_SPECIFIER = "";
				"PROVISIONING_PROFILE_SPECIFIER[sdk=macosx*]" = "WireGuard Demo App WGExtension example";
				SKIP_INSTALL = YES;
				SWIFT_EMIT_LOC_STRINGS = YES;
				SWIFT_VERSION = 5.0;
			};
			name = Release;
		};
		DBAFB8AC2A09D1D1007A5C7D /* Debug */ = {
			isa = XCBuildConfiguration;
			buildSettings = {
				CODE_SIGN_STYLE = Automatic;
				DEBUGGING_SYMBOLS = YES;
				DEBUG_INFORMATION_FORMAT = dwarf;
				DEVELOPMENT_TEAM = AWR77X8V5R;
				GCC_GENERATE_DEBUGGING_SYMBOLS = YES;
				GCC_OPTIMIZATION_LEVEL = 0;
				OTHER_CFLAGS = "";
				OTHER_LDFLAGS = "";
				PATH = ":/usr/local/go/bin";
				PRODUCT_NAME = "$(TARGET_NAME)";
			};
			name = Debug;
		};
		DBAFB8AD2A09D1D1007A5C7D /* Release */ = {
			isa = XCBuildConfiguration;
			buildSettings = {
				CODE_SIGN_STYLE = Automatic;
				DEBUG_INFORMATION_FORMAT = "dwarf-with-dsym";
				DEVELOPMENT_TEAM = AWR77X8V5R;
				OTHER_CFLAGS = "";
				OTHER_LDFLAGS = "";
				PATH = ":/usr/local/go/bin";
				PRODUCT_NAME = "$(TARGET_NAME)";
			};
			name = Release;
		};
/* End XCBuildConfiguration section */

/* Begin XCConfigurationList section */
		DBAFB87F2A09CE62007A5C7D /* Build configuration list for PBXProject "WireGuardDemo" */ = {
			isa = XCConfigurationList;
			buildConfigurations = (
				DBAFB8912A09CE63007A5C7D /* Debug */,
				DBAFB8922A09CE63007A5C7D /* Release */,
			);
			defaultConfigurationIsVisible = 0;
			defaultConfigurationName = Release;
		};
		DBAFB8932A09CE63007A5C7D /* Build configuration list for PBXNativeTarget "WireGuardDemo" */ = {
			isa = XCConfigurationList;
			buildConfigurations = (
				DBAFB8942A09CE63007A5C7D /* Debug */,
				DBAFB8952A09CE63007A5C7D /* Release */,
			);
			defaultConfigurationIsVisible = 0;
			defaultConfigurationName = Release;
		};
		DBAFB8A62A09D135007A5C7D /* Build configuration list for PBXNativeTarget "WGExtension" */ = {
			isa = XCConfigurationList;
			buildConfigurations = (
				DBAFB8A72A09D135007A5C7D /* Debug */,
				DBAFB8A82A09D135007A5C7D /* Release */,
			);
			defaultConfigurationIsVisible = 0;
			defaultConfigurationName = Release;
		};
		DBAFB8AB2A09D1D1007A5C7D /* Build configuration list for PBXLegacyTarget "WG-Go-Bridge" */ = {
			isa = XCConfigurationList;
			buildConfigurations = (
				DBAFB8AC2A09D1D1007A5C7D /* Debug */,
				DBAFB8AD2A09D1D1007A5C7D /* Release */,
			);
			defaultConfigurationIsVisible = 0;
			defaultConfigurationName = Release;
		};
/* End XCConfigurationList section */

/* Begin XCRemoteSwiftPackageReference section */
		DB15543F2A0B87B400BF561E /* XCRemoteSwiftPackageReference "wireguard-apple" */ = {
			isa = XCRemoteSwiftPackageReference;
			repositoryURL = "https://github.com/zooxop/wireguard-apple.git";
			requirement = {
				kind = exactVersion;
				version = 1.0.15;
			};
		};
		DB7111372A4923F80010A3BC /* XCRemoteSwiftPackageReference "SwiftyBeaver" */ = {
			isa = XCRemoteSwiftPackageReference;
			repositoryURL = "https://github.com/SwiftyBeaver/SwiftyBeaver.git";
			requirement = {
				kind = exactVersion;
				version = 1.9.6;
			};
		};
/* End XCRemoteSwiftPackageReference section */

/* Begin XCSwiftPackageProductDependency section */
		DB1554402A0B87B400BF561E /* WireGuardKit */ = {
			isa = XCSwiftPackageProductDependency;
			package = DB15543F2A0B87B400BF561E /* XCRemoteSwiftPackageReference "wireguard-apple" */;
			productName = WireGuardKit;
		};
		DB1554482A0C635000BF561E /* WireGuardKit */ = {
			isa = XCSwiftPackageProductDependency;
			package = DB15543F2A0B87B400BF561E /* XCRemoteSwiftPackageReference "wireguard-apple" */;
			productName = WireGuardKit;
		};
		DB7111382A4923F80010A3BC /* SwiftyBeaver */ = {
			isa = XCSwiftPackageProductDependency;
			package = DB7111372A4923F80010A3BC /* XCRemoteSwiftPackageReference "SwiftyBeaver" */;
			productName = SwiftyBeaver;
		};
		DB71113A2A4923FE0010A3BC /* SwiftyBeaver */ = {
			isa = XCSwiftPackageProductDependency;
			package = DB7111372A4923F80010A3BC /* XCRemoteSwiftPackageReference "SwiftyBeaver" */;
			productName = SwiftyBeaver;
		};
/* End XCSwiftPackageProductDependency section */
	};
	rootObject = DBAFB87C2A09CE62007A5C7D /* Project object */;
}
